// !$*UTF8*$!
{
	archiveVersion = 1;
	classes = {
	};
	objectVersion = 55;
	objects = {

/* Begin PBXBuildFile section */
		473ECF9C2733243600DED978 /* CoinvisionTVApp.swift in Sources */ = {isa = PBXBuildFile; fileRef = 473ECF8C2733243500DED978 /* CoinvisionTVApp.swift */; };
		473ECF9D2733243600DED978 /* CoinvisionTVApp.swift in Sources */ = {isa = PBXBuildFile; fileRef = 473ECF8C2733243500DED978 /* CoinvisionTVApp.swift */; };
		473ECF9E2733243600DED978 /* MainView.swift in Sources */ = {isa = PBXBuildFile; fileRef = 473ECF8D2733243500DED978 /* MainView.swift */; };
		473ECFA02733243600DED978 /* Assets.xcassets in Resources */ = {isa = PBXBuildFile; fileRef = 473ECF8E2733243600DED978 /* Assets.xcassets */; };
		473ECFA12733243600DED978 /* Assets.xcassets in Resources */ = {isa = PBXBuildFile; fileRef = 473ECF8E2733243600DED978 /* Assets.xcassets */; };
		473ECFBE273324DB00DED978 /* CoinGecko in Frameworks */ = {isa = PBXBuildFile; productRef = 473ECFBD273324DB00DED978 /* CoinGecko */; };
		473ECFC1273324FA00DED978 /* CoinGecko in Frameworks */ = {isa = PBXBuildFile; productRef = 473ECFC0273324FA00DED978 /* CoinGecko */; };
		473ECFC62733253F00DED978 /* Charts in Frameworks */ = {isa = PBXBuildFile; productRef = 473ECFC52733253F00DED978 /* Charts */; };
		473ECFC82733254A00DED978 /* Charts in Frameworks */ = {isa = PBXBuildFile; productRef = 473ECFC72733254A00DED978 /* Charts */; };
		473ECFCD2733259C00DED978 /* SDWebImageSwiftUI in Frameworks */ = {isa = PBXBuildFile; productRef = 473ECFCC2733259C00DED978 /* SDWebImageSwiftUI */; };
		473ECFCF273325A400DED978 /* SDWebImageSwiftUI in Frameworks */ = {isa = PBXBuildFile; productRef = 473ECFCE273325A400DED978 /* SDWebImageSwiftUI */; };
		473ECFD4273325BA00DED978 /* EasyStash in Frameworks */ = {isa = PBXBuildFile; productRef = 473ECFD3273325BA00DED978 /* EasyStash */; };
		473ECFD6273325C000DED978 /* EasyStash in Frameworks */ = {isa = PBXBuildFile; productRef = 473ECFD5273325C000DED978 /* EasyStash */; };
		473ECFE4273326E800DED978 /* Assets.xcassets in Resources */ = {isa = PBXBuildFile; fileRef = 473ECFE3273326E800DED978 /* Assets.xcassets */; };
		473ECFE7273326E800DED978 /* Preview Assets.xcassets in Resources */ = {isa = PBXBuildFile; fileRef = 473ECFE6273326E800DED978 /* Preview Assets.xcassets */; };
		473ECFEB2733270600DED978 /* CoinvisionTVApp.swift in Sources */ = {isa = PBXBuildFile; fileRef = 473ECF8C2733243500DED978 /* CoinvisionTVApp.swift */; };
		473ECFEC2733270B00DED978 /* MainView.swift in Sources */ = {isa = PBXBuildFile; fileRef = 473ECF8D2733243500DED978 /* MainView.swift */; };
		473ECFEE2733286700DED978 /* CoinGecko in Frameworks */ = {isa = PBXBuildFile; productRef = 473ECFED2733286700DED978 /* CoinGecko */; };
		473ECFF02733286700DED978 /* Charts in Frameworks */ = {isa = PBXBuildFile; productRef = 473ECFEF2733286700DED978 /* Charts */; };
		473ECFF22733286700DED978 /* SDWebImageSwiftUI in Frameworks */ = {isa = PBXBuildFile; productRef = 473ECFF12733286700DED978 /* SDWebImageSwiftUI */; };
		473ECFF42733286700DED978 /* EasyStash in Frameworks */ = {isa = PBXBuildFile; productRef = 473ECFF32733286700DED978 /* EasyStash */; };
		473ECFF9273329FB00DED978 /* DataProvider.swift in Sources */ = {isa = PBXBuildFile; fileRef = 473ECFF8273329FB00DED978 /* DataProvider.swift */; };
		473ECFFA273329FB00DED978 /* DataProvider.swift in Sources */ = {isa = PBXBuildFile; fileRef = 473ECFF8273329FB00DED978 /* DataProvider.swift */; };
		473ECFFB273329FB00DED978 /* DataProvider.swift in Sources */ = {isa = PBXBuildFile; fileRef = 473ECFF8273329FB00DED978 /* DataProvider.swift */; };
		473ED00427332AC100DED978 /* MarketItemDetailView.swift in Sources */ = {isa = PBXBuildFile; fileRef = 473ECFFD27332AC100DED978 /* MarketItemDetailView.swift */; };
		473ED00627332AC100DED978 /* MarketItemDetailView.swift in Sources */ = {isa = PBXBuildFile; fileRef = 473ECFFD27332AC100DED978 /* MarketItemDetailView.swift */; };
		473ED00727332AC100DED978 /* OptionsView.swift in Sources */ = {isa = PBXBuildFile; fileRef = 473ECFFE27332AC100DED978 /* OptionsView.swift */; };
		473ED00827332AC100DED978 /* OptionsView.swift in Sources */ = {isa = PBXBuildFile; fileRef = 473ECFFE27332AC100DED978 /* OptionsView.swift */; };
		473ED00927332AC100DED978 /* OptionsView.swift in Sources */ = {isa = PBXBuildFile; fileRef = 473ECFFE27332AC100DED978 /* OptionsView.swift */; };
		473ED00A27332AC100DED978 /* BubbleNode.swift in Sources */ = {isa = PBXBuildFile; fileRef = 473ECFFF27332AC100DED978 /* BubbleNode.swift */; };
		473ED00B27332AC100DED978 /* BubbleNode.swift in Sources */ = {isa = PBXBuildFile; fileRef = 473ECFFF27332AC100DED978 /* BubbleNode.swift */; };
		473ED00C27332AC100DED978 /* BubbleNode.swift in Sources */ = {isa = PBXBuildFile; fileRef = 473ECFFF27332AC100DED978 /* BubbleNode.swift */; };
		473ED01027332AC100DED978 /* TilesView.swift in Sources */ = {isa = PBXBuildFile; fileRef = 473ED00127332AC100DED978 /* TilesView.swift */; };
		473ED01227332AC100DED978 /* TilesView.swift in Sources */ = {isa = PBXBuildFile; fileRef = 473ED00127332AC100DED978 /* TilesView.swift */; };
		473ED01327332AC100DED978 /* ListView.swift in Sources */ = {isa = PBXBuildFile; fileRef = 473ED00227332AC100DED978 /* ListView.swift */; };
		473ED01527332AC100DED978 /* ListView.swift in Sources */ = {isa = PBXBuildFile; fileRef = 473ED00227332AC100DED978 /* ListView.swift */; };
		473ED01627332AC100DED978 /* BubblesView.swift in Sources */ = {isa = PBXBuildFile; fileRef = 473ED00327332AC100DED978 /* BubblesView.swift */; };
		473ED01727332AC100DED978 /* BubblesView.swift in Sources */ = {isa = PBXBuildFile; fileRef = 473ED00327332AC100DED978 /* BubblesView.swift */; };
		473ED01827332AC100DED978 /* BubblesView.swift in Sources */ = {isa = PBXBuildFile; fileRef = 473ED00327332AC100DED978 /* BubblesView.swift */; };
		473ED01B27332B1000DED978 /* SwiftSoup in Frameworks */ = {isa = PBXBuildFile; productRef = 473ED01A27332B1000DED978 /* SwiftSoup */; };
		473ED01D27332B1700DED978 /* SwiftSoup in Frameworks */ = {isa = PBXBuildFile; productRef = 473ED01C27332B1700DED978 /* SwiftSoup */; };
		473ED01F27332B1C00DED978 /* SwiftSoup in Frameworks */ = {isa = PBXBuildFile; productRef = 473ED01E27332B1C00DED978 /* SwiftSoup */; };
		473ED025273339A400DED978 /* TVMainView.swift in Sources */ = {isa = PBXBuildFile; fileRef = 473ED024273339A400DED978 /* TVMainView.swift */; };
		473ED02727333B4000DED978 /* MacMainView.swift in Sources */ = {isa = PBXBuildFile; fileRef = 473ED02627333B4000DED978 /* MacMainView.swift */; };
		473ED02927344B5500DED978 /* ListView.swift in Sources */ = {isa = PBXBuildFile; fileRef = 473ED02827344B5500DED978 /* ListView.swift */; };
		473ED02B2734544C00DED978 /* ListMarketItemDetailView.swift in Sources */ = {isa = PBXBuildFile; fileRef = 473ED02A2734544C00DED978 /* ListMarketItemDetailView.swift */; };
		473ED02C27346A6700DED978 /* Assets.xcassets in Resources */ = {isa = PBXBuildFile; fileRef = 473ECF8E2733243600DED978 /* Assets.xcassets */; };
		473ED02E27347D2300DED978 /* TilesView.swift in Sources */ = {isa = PBXBuildFile; fileRef = 473ED02D27347D2300DED978 /* TilesView.swift */; };
/* End PBXBuildFile section */

/* Begin PBXFileReference section */
		473ECF8C2733243500DED978 /* CoinvisionTVApp.swift */ = {isa = PBXFileReference; lastKnownFileType = sourcecode.swift; path = CoinvisionTVApp.swift; sourceTree = "<group>"; };
		473ECF8D2733243500DED978 /* MainView.swift */ = {isa = PBXFileReference; lastKnownFileType = sourcecode.swift; path = MainView.swift; sourceTree = "<group>"; };
		473ECF8E2733243600DED978 /* Assets.xcassets */ = {isa = PBXFileReference; lastKnownFileType = folder.assetcatalog; path = Assets.xcassets; sourceTree = "<group>"; };
		473ECF932733243600DED978 /* Coinvision TV.app */ = {isa = PBXFileReference; explicitFileType = wrapper.application; includeInIndex = 0; path = "Coinvision TV.app"; sourceTree = BUILT_PRODUCTS_DIR; };
		473ECF992733243600DED978 /* CoinvisionTV.app */ = {isa = PBXFileReference; explicitFileType = wrapper.application; includeInIndex = 0; path = CoinvisionTV.app; sourceTree = BUILT_PRODUCTS_DIR; };
		473ECF9B2733243600DED978 /* macOS.entitlements */ = {isa = PBXFileReference; lastKnownFileType = text.plist.entitlements; path = macOS.entitlements; sourceTree = "<group>"; };
		473ECFDD273326E800DED978 /* Coinvision TV.app */ = {isa = PBXFileReference; explicitFileType = wrapper.application; includeInIndex = 0; path = "Coinvision TV.app"; sourceTree = BUILT_PRODUCTS_DIR; };
		473ECFE3273326E800DED978 /* Assets.xcassets */ = {isa = PBXFileReference; lastKnownFileType = folder.assetcatalog; path = Assets.xcassets; sourceTree = "<group>"; };
		473ECFE6273326E800DED978 /* Preview Assets.xcassets */ = {isa = PBXFileReference; lastKnownFileType = folder.assetcatalog; path = "Preview Assets.xcassets"; sourceTree = "<group>"; };
		473ECFF8273329FB00DED978 /* DataProvider.swift */ = {isa = PBXFileReference; fileEncoding = 4; lastKnownFileType = sourcecode.swift; path = DataProvider.swift; sourceTree = "<group>"; };
		473ECFFD27332AC100DED978 /* MarketItemDetailView.swift */ = {isa = PBXFileReference; fileEncoding = 4; lastKnownFileType = sourcecode.swift; path = MarketItemDetailView.swift; sourceTree = "<group>"; };
		473ECFFE27332AC100DED978 /* OptionsView.swift */ = {isa = PBXFileReference; fileEncoding = 4; lastKnownFileType = sourcecode.swift; path = OptionsView.swift; sourceTree = "<group>"; };
		473ECFFF27332AC100DED978 /* BubbleNode.swift */ = {isa = PBXFileReference; fileEncoding = 4; lastKnownFileType = sourcecode.swift; path = BubbleNode.swift; sourceTree = "<group>"; };
		473ED00127332AC100DED978 /* TilesView.swift */ = {isa = PBXFileReference; fileEncoding = 4; lastKnownFileType = sourcecode.swift; path = TilesView.swift; sourceTree = "<group>"; };
		473ED00227332AC100DED978 /* ListView.swift */ = {isa = PBXFileReference; fileEncoding = 4; lastKnownFileType = sourcecode.swift; path = ListView.swift; sourceTree = "<group>"; };
		473ED00327332AC100DED978 /* BubblesView.swift */ = {isa = PBXFileReference; fileEncoding = 4; lastKnownFileType = sourcecode.swift; path = BubblesView.swift; sourceTree = "<group>"; };
		473ED024273339A400DED978 /* TVMainView.swift */ = {isa = PBXFileReference; lastKnownFileType = sourcecode.swift; path = TVMainView.swift; sourceTree = "<group>"; };
		473ED02627333B4000DED978 /* MacMainView.swift */ = {isa = PBXFileReference; lastKnownFileType = sourcecode.swift; path = MacMainView.swift; sourceTree = "<group>"; };
		473ED02827344B5500DED978 /* ListView.swift */ = {isa = PBXFileReference; lastKnownFileType = sourcecode.swift; path = ListView.swift; sourceTree = "<group>"; };
		473ED02A2734544C00DED978 /* ListMarketItemDetailView.swift */ = {isa = PBXFileReference; lastKnownFileType = sourcecode.swift; path = ListMarketItemDetailView.swift; sourceTree = "<group>"; };
		473ED02D27347D2300DED978 /* TilesView.swift */ = {isa = PBXFileReference; lastKnownFileType = sourcecode.swift; path = TilesView.swift; sourceTree = "<group>"; };
/* End PBXFileReference section */

/* Begin PBXFrameworksBuildPhase section */
		473ECF902733243600DED978 /* Frameworks */ = {
			isa = PBXFrameworksBuildPhase;
			buildActionMask = 2147483647;
			files = (
				473ECFCD2733259C00DED978 /* SDWebImageSwiftUI in Frameworks */,
				473ECFBE273324DB00DED978 /* CoinGecko in Frameworks */,
				473ECFD4273325BA00DED978 /* EasyStash in Frameworks */,
				473ECFC62733253F00DED978 /* Charts in Frameworks */,
				473ED01B27332B1000DED978 /* SwiftSoup in Frameworks */,
			);
			runOnlyForDeploymentPostprocessing = 0;
		};
		473ECF962733243600DED978 /* Frameworks */ = {
			isa = PBXFrameworksBuildPhase;
			buildActionMask = 2147483647;
			files = (
				473ECFCF273325A400DED978 /* SDWebImageSwiftUI in Frameworks */,
				473ECFC1273324FA00DED978 /* CoinGecko in Frameworks */,
				473ECFD6273325C000DED978 /* EasyStash in Frameworks */,
				473ECFC82733254A00DED978 /* Charts in Frameworks */,
				473ED01D27332B1700DED978 /* SwiftSoup in Frameworks */,
			);
			runOnlyForDeploymentPostprocessing = 0;
		};
		473ECFDA273326E800DED978 /* Frameworks */ = {
			isa = PBXFrameworksBuildPhase;
			buildActionMask = 2147483647;
			files = (
				473ECFF22733286700DED978 /* SDWebImageSwiftUI in Frameworks */,
				473ECFEE2733286700DED978 /* CoinGecko in Frameworks */,
				473ECFF42733286700DED978 /* EasyStash in Frameworks */,
				473ECFF02733286700DED978 /* Charts in Frameworks */,
				473ED01F27332B1C00DED978 /* SwiftSoup in Frameworks */,
			);
			runOnlyForDeploymentPostprocessing = 0;
		};
/* End PBXFrameworksBuildPhase section */

/* Begin PBXGroup section */
		473ECF862733243500DED978 = {
			isa = PBXGroup;
			children = (
				473ECF8B2733243500DED978 /* Shared */,
				473ECF9A2733243600DED978 /* macOS */,
				473ECFDE273326E800DED978 /* tvOS */,
				473ECF942733243600DED978 /* Products */,
				473ECFBF273324FA00DED978 /* Frameworks */,
			);
			sourceTree = "<group>";
		};
		473ECF8B2733243500DED978 /* Shared */ = {
			isa = PBXGroup;
			children = (
				473ECFFC27332AAB00DED978 /* Views */,
				473ECF8C2733243500DED978 /* CoinvisionTVApp.swift */,
				473ECF8D2733243500DED978 /* MainView.swift */,
				473ECFF8273329FB00DED978 /* DataProvider.swift */,
				473ECF8E2733243600DED978 /* Assets.xcassets */,
			);
			path = Shared;
			sourceTree = "<group>";
		};
		473ECF942733243600DED978 /* Products */ = {
			isa = PBXGroup;
			children = (
				473ECF932733243600DED978 /* Coinvision TV.app */,
				473ECF992733243600DED978 /* CoinvisionTV.app */,
				473ECFDD273326E800DED978 /* Coinvision TV.app */,
			);
			name = Products;
			sourceTree = "<group>";
		};
		473ECF9A2733243600DED978 /* macOS */ = {
			isa = PBXGroup;
			children = (
				473ED0202733321D00DED978 /* Views */,
				473ED02627333B4000DED978 /* MacMainView.swift */,
				473ECF9B2733243600DED978 /* macOS.entitlements */,
			);
			path = macOS;
			sourceTree = "<group>";
		};
		473ECFBF273324FA00DED978 /* Frameworks */ = {
			isa = PBXGroup;
			children = (
			);
			name = Frameworks;
			sourceTree = "<group>";
		};
		473ECFDE273326E800DED978 /* tvOS */ = {
			isa = PBXGroup;
			children = (
				473ED0232733397600DED978 /* Views */,
				473ED024273339A400DED978 /* TVMainView.swift */,
				473ECFE3273326E800DED978 /* Assets.xcassets */,
				473ECFE5273326E800DED978 /* Preview Content */,
			);
			path = tvOS;
			sourceTree = "<group>";
		};
		473ECFE5273326E800DED978 /* Preview Content */ = {
			isa = PBXGroup;
			children = (
				473ECFE6273326E800DED978 /* Preview Assets.xcassets */,
			);
			path = "Preview Content";
			sourceTree = "<group>";
		};
		473ECFFC27332AAB00DED978 /* Views */ = {
			isa = PBXGroup;
			children = (
				473ECFFF27332AC100DED978 /* BubbleNode.swift */,
				473ED00327332AC100DED978 /* BubblesView.swift */,
				473ED00227332AC100DED978 /* ListView.swift */,
				473ECFFD27332AC100DED978 /* MarketItemDetailView.swift */,
				473ECFFE27332AC100DED978 /* OptionsView.swift */,
				473ED00127332AC100DED978 /* TilesView.swift */,
			);
			path = Views;
			sourceTree = "<group>";
		};
		473ED0202733321D00DED978 /* Views */ = {
			isa = PBXGroup;
			children = (
				473ED02827344B5500DED978 /* ListView.swift */,
				473ED02A2734544C00DED978 /* ListMarketItemDetailView.swift */,
				473ED02D27347D2300DED978 /* TilesView.swift */,
			);
			path = Views;
			sourceTree = "<group>";
		};
		473ED0232733397600DED978 /* Views */ = {
			isa = PBXGroup;
			children = (
			);
			path = Views;
			sourceTree = "<group>";
		};
/* End PBXGroup section */

/* Begin PBXNativeTarget section */
		473ECF922733243600DED978 /* CoinvisionTV (iOS) */ = {
			isa = PBXNativeTarget;
			buildConfigurationList = 473ECFA42733243600DED978 /* Build configuration list for PBXNativeTarget "CoinvisionTV (iOS)" */;
			buildPhases = (
				473ECF8F2733243600DED978 /* Sources */,
				473ECF902733243600DED978 /* Frameworks */,
				473ECF912733243600DED978 /* Resources */,
			);
			buildRules = (
			);
			dependencies = (
			);
			name = "CoinvisionTV (iOS)";
			packageProductDependencies = (
				473ECFBD273324DB00DED978 /* CoinGecko */,
				473ECFC52733253F00DED978 /* Charts */,
				473ECFCC2733259C00DED978 /* SDWebImageSwiftUI */,
				473ECFD3273325BA00DED978 /* EasyStash */,
				473ED01A27332B1000DED978 /* SwiftSoup */,
			);
			productName = "CoinvisionTV (iOS)";
			productReference = 473ECF932733243600DED978 /* Coinvision TV.app */;
			productType = "com.apple.product-type.application";
		};
		473ECF982733243600DED978 /* CoinvisionTV (macOS) */ = {
			isa = PBXNativeTarget;
			buildConfigurationList = 473ECFA72733243600DED978 /* Build configuration list for PBXNativeTarget "CoinvisionTV (macOS)" */;
			buildPhases = (
				473ECF952733243600DED978 /* Sources */,
				473ECF962733243600DED978 /* Frameworks */,
				473ECF972733243600DED978 /* Resources */,
			);
			buildRules = (
			);
			dependencies = (
			);
			name = "CoinvisionTV (macOS)";
			packageProductDependencies = (
				473ECFC0273324FA00DED978 /* CoinGecko */,
				473ECFC72733254A00DED978 /* Charts */,
				473ECFCE273325A400DED978 /* SDWebImageSwiftUI */,
				473ECFD5273325C000DED978 /* EasyStash */,
				473ED01C27332B1700DED978 /* SwiftSoup */,
			);
			productName = "CoinvisionTV (macOS)";
			productReference = 473ECF992733243600DED978 /* CoinvisionTV.app */;
			productType = "com.apple.product-type.application";
		};
		473ECFDC273326E800DED978 /* CoinvisionTV (tvOS) */ = {
			isa = PBXNativeTarget;
			buildConfigurationList = 473ECFE8273326E800DED978 /* Build configuration list for PBXNativeTarget "CoinvisionTV (tvOS)" */;
			buildPhases = (
				473ECFD9273326E800DED978 /* Sources */,
				473ECFDA273326E800DED978 /* Frameworks */,
				473ECFDB273326E800DED978 /* Resources */,
			);
			buildRules = (
			);
			dependencies = (
			);
			name = "CoinvisionTV (tvOS)";
			packageProductDependencies = (
				473ECFED2733286700DED978 /* CoinGecko */,
				473ECFEF2733286700DED978 /* Charts */,
				473ECFF12733286700DED978 /* SDWebImageSwiftUI */,
				473ECFF32733286700DED978 /* EasyStash */,
				473ED01E27332B1C00DED978 /* SwiftSoup */,
			);
			productName = tvOS;
			productReference = 473ECFDD273326E800DED978 /* Coinvision TV.app */;
			productType = "com.apple.product-type.application";
		};
/* End PBXNativeTarget section */

/* Begin PBXProject section */
		473ECF872733243500DED978 /* Project object */ = {
			isa = PBXProject;
			attributes = {
				BuildIndependentTargetsInParallel = 1;
				LastSwiftUpdateCheck = 1310;
				LastUpgradeCheck = 1310;
				TargetAttributes = {
					473ECF922733243600DED978 = {
						CreatedOnToolsVersion = 13.1;
					};
					473ECF982733243600DED978 = {
						CreatedOnToolsVersion = 13.1;
					};
					473ECFDC273326E800DED978 = {
						CreatedOnToolsVersion = 13.1;
					};
				};
			};
			buildConfigurationList = 473ECF8A2733243500DED978 /* Build configuration list for PBXProject "CoinvisionTV" */;
			compatibilityVersion = "Xcode 13.0";
			developmentRegion = en;
			hasScannedForEncodings = 0;
			knownRegions = (
				en,
				Base,
			);
			mainGroup = 473ECF862733243500DED978;
			packageReferences = (
				473ECFBC273324DB00DED978 /* XCRemoteSwiftPackageReference "CoinGecko" */,
				473ECFC42733253F00DED978 /* XCRemoteSwiftPackageReference "swiftui-charts" */,
				473ECFCB2733259C00DED978 /* XCRemoteSwiftPackageReference "SDWebImageSwiftUI" */,
				473ECFD2273325BA00DED978 /* XCRemoteSwiftPackageReference "EasyStash" */,
				473ED01927332B1000DED978 /* XCRemoteSwiftPackageReference "SwiftSoup" */,
			);
			productRefGroup = 473ECF942733243600DED978 /* Products */;
			projectDirPath = "";
			projectRoot = "";
			targets = (
				473ECF922733243600DED978 /* CoinvisionTV (iOS) */,
				473ECF982733243600DED978 /* CoinvisionTV (macOS) */,
				473ECFDC273326E800DED978 /* CoinvisionTV (tvOS) */,
			);
		};
/* End PBXProject section */

/* Begin PBXResourcesBuildPhase section */
		473ECF912733243600DED978 /* Resources */ = {
			isa = PBXResourcesBuildPhase;
			buildActionMask = 2147483647;
			files = (
				473ECFA02733243600DED978 /* Assets.xcassets in Resources */,
			);
			runOnlyForDeploymentPostprocessing = 0;
		};
		473ECF972733243600DED978 /* Resources */ = {
			isa = PBXResourcesBuildPhase;
			buildActionMask = 2147483647;
			files = (
				473ECFA12733243600DED978 /* Assets.xcassets in Resources */,
			);
			runOnlyForDeploymentPostprocessing = 0;
		};
		473ECFDB273326E800DED978 /* Resources */ = {
			isa = PBXResourcesBuildPhase;
			buildActionMask = 2147483647;
			files = (
				473ECFE7273326E800DED978 /* Preview Assets.xcassets in Resources */,
				473ED02C27346A6700DED978 /* Assets.xcassets in Resources */,
				473ECFE4273326E800DED978 /* Assets.xcassets in Resources */,
			);
			runOnlyForDeploymentPostprocessing = 0;
		};
/* End PBXResourcesBuildPhase section */

/* Begin PBXSourcesBuildPhase section */
		473ECF8F2733243600DED978 /* Sources */ = {
			isa = PBXSourcesBuildPhase;
			buildActionMask = 2147483647;
			files = (
				473ECFF9273329FB00DED978 /* DataProvider.swift in Sources */,
				473ECF9E2733243600DED978 /* MainView.swift in Sources */,
				473ED00427332AC100DED978 /* MarketItemDetailView.swift in Sources */,
				473ED00A27332AC100DED978 /* BubbleNode.swift in Sources */,
				473ED00727332AC100DED978 /* OptionsView.swift in Sources */,
				473ED01627332AC100DED978 /* BubblesView.swift in Sources */,
				473ED01027332AC100DED978 /* TilesView.swift in Sources */,
				473ECF9C2733243600DED978 /* CoinvisionTVApp.swift in Sources */,
				473ED01327332AC100DED978 /* ListView.swift in Sources */,
			);
			runOnlyForDeploymentPostprocessing = 0;
		};
		473ECF952733243600DED978 /* Sources */ = {
			isa = PBXSourcesBuildPhase;
			buildActionMask = 2147483647;
			files = (
				473ED02E27347D2300DED978 /* TilesView.swift in Sources */,
				473ED02727333B4000DED978 /* MacMainView.swift in Sources */,
				473ECFFA273329FB00DED978 /* DataProvider.swift in Sources */,
				473ED02B2734544C00DED978 /* ListMarketItemDetailView.swift in Sources */,
				473ED00B27332AC100DED978 /* BubbleNode.swift in Sources */,
				473ED00827332AC100DED978 /* OptionsView.swift in Sources */,
				473ED01727332AC100DED978 /* BubblesView.swift in Sources */,
				473ED02927344B5500DED978 /* ListView.swift in Sources */,
				473ECF9D2733243600DED978 /* CoinvisionTVApp.swift in Sources */,
			);
			runOnlyForDeploymentPostprocessing = 0;
		};
		473ECFD9273326E800DED978 /* Sources */ = {
			isa = PBXSourcesBuildPhase;
			buildActionMask = 2147483647;
			files = (
				473ECFFB273329FB00DED978 /* DataProvider.swift in Sources */,
				473ECFEC2733270B00DED978 /* MainView.swift in Sources */,
				473ED00627332AC100DED978 /* MarketItemDetailView.swift in Sources */,
				473ED00C27332AC100DED978 /* BubbleNode.swift in Sources */,
				473ED00927332AC100DED978 /* OptionsView.swift in Sources */,
				473ED01827332AC100DED978 /* BubblesView.swift in Sources */,
				473ED01227332AC100DED978 /* TilesView.swift in Sources */,
				473ECFEB2733270600DED978 /* CoinvisionTVApp.swift in Sources */,
				473ED01527332AC100DED978 /* ListView.swift in Sources */,
				473ED025273339A400DED978 /* TVMainView.swift in Sources */,
			);
			runOnlyForDeploymentPostprocessing = 0;
		};
/* End PBXSourcesBuildPhase section */

/* Begin XCBuildConfiguration section */
		473ECFA22733243600DED978 /* Debug */ = {
			isa = XCBuildConfiguration;
			buildSettings = {
				ALWAYS_SEARCH_USER_PATHS = NO;
				CLANG_ANALYZER_NONNULL = YES;
				CLANG_ANALYZER_NUMBER_OBJECT_CONVERSION = YES_AGGRESSIVE;
				CLANG_CXX_LANGUAGE_STANDARD = "gnu++17";
				CLANG_CXX_LIBRARY = "libc++";
				CLANG_ENABLE_MODULES = YES;
				CLANG_ENABLE_OBJC_ARC = YES;
				CLANG_ENABLE_OBJC_WEAK = YES;
				CLANG_WARN_BLOCK_CAPTURE_AUTORELEASING = YES;
				CLANG_WARN_BOOL_CONVERSION = YES;
				CLANG_WARN_COMMA = YES;
				CLANG_WARN_CONSTANT_CONVERSION = YES;
				CLANG_WARN_DEPRECATED_OBJC_IMPLEMENTATIONS = YES;
				CLANG_WARN_DIRECT_OBJC_ISA_USAGE = YES_ERROR;
				CLANG_WARN_DOCUMENTATION_COMMENTS = YES;
				CLANG_WARN_EMPTY_BODY = YES;
				CLANG_WARN_ENUM_CONVERSION = YES;
				CLANG_WARN_INFINITE_RECURSION = YES;
				CLANG_WARN_INT_CONVERSION = YES;
				CLANG_WARN_NON_LITERAL_NULL_CONVERSION = YES;
				CLANG_WARN_OBJC_IMPLICIT_RETAIN_SELF = YES;
				CLANG_WARN_OBJC_LITERAL_CONVERSION = YES;
				CLANG_WARN_OBJC_ROOT_CLASS = YES_ERROR;
				CLANG_WARN_QUOTED_INCLUDE_IN_FRAMEWORK_HEADER = YES;
				CLANG_WARN_RANGE_LOOP_ANALYSIS = YES;
				CLANG_WARN_STRICT_PROTOTYPES = YES;
				CLANG_WARN_SUSPICIOUS_MOVE = YES;
				CLANG_WARN_UNGUARDED_AVAILABILITY = YES_AGGRESSIVE;
				CLANG_WARN_UNREACHABLE_CODE = YES;
				CLANG_WARN__DUPLICATE_METHOD_MATCH = YES;
				COPY_PHASE_STRIP = NO;
				DEBUG_INFORMATION_FORMAT = dwarf;
				ENABLE_STRICT_OBJC_MSGSEND = YES;
				ENABLE_TESTABILITY = YES;
				GCC_C_LANGUAGE_STANDARD = gnu11;
				GCC_DYNAMIC_NO_PIC = NO;
				GCC_NO_COMMON_BLOCKS = YES;
				GCC_OPTIMIZATION_LEVEL = 0;
				GCC_PREPROCESSOR_DEFINITIONS = (
					"DEBUG=1",
					"$(inherited)",
				);
				GCC_WARN_64_TO_32_BIT_CONVERSION = YES;
				GCC_WARN_ABOUT_RETURN_TYPE = YES_ERROR;
				GCC_WARN_UNDECLARED_SELECTOR = YES;
				GCC_WARN_UNINITIALIZED_AUTOS = YES_AGGRESSIVE;
				GCC_WARN_UNUSED_FUNCTION = YES;
				GCC_WARN_UNUSED_VARIABLE = YES;
				IPHONEOS_DEPLOYMENT_TARGET = 15.0;
				MACOSX_DEPLOYMENT_TARGET = 12.0;
				MTL_ENABLE_DEBUG_INFO = INCLUDE_SOURCE;
				MTL_FAST_MATH = YES;
				ONLY_ACTIVE_ARCH = YES;
				SWIFT_ACTIVE_COMPILATION_CONDITIONS = DEBUG;
				SWIFT_OPTIMIZATION_LEVEL = "-Onone";
			};
			name = Debug;
		};
		473ECFA32733243600DED978 /* Release */ = {
			isa = XCBuildConfiguration;
			buildSettings = {
				ALWAYS_SEARCH_USER_PATHS = NO;
				CLANG_ANALYZER_NONNULL = YES;
				CLANG_ANALYZER_NUMBER_OBJECT_CONVERSION = YES_AGGRESSIVE;
				CLANG_CXX_LANGUAGE_STANDARD = "gnu++17";
				CLANG_CXX_LIBRARY = "libc++";
				CLANG_ENABLE_MODULES = YES;
				CLANG_ENABLE_OBJC_ARC = YES;
				CLANG_ENABLE_OBJC_WEAK = YES;
				CLANG_WARN_BLOCK_CAPTURE_AUTORELEASING = YES;
				CLANG_WARN_BOOL_CONVERSION = YES;
				CLANG_WARN_COMMA = YES;
				CLANG_WARN_CONSTANT_CONVERSION = YES;
				CLANG_WARN_DEPRECATED_OBJC_IMPLEMENTATIONS = YES;
				CLANG_WARN_DIRECT_OBJC_ISA_USAGE = YES_ERROR;
				CLANG_WARN_DOCUMENTATION_COMMENTS = YES;
				CLANG_WARN_EMPTY_BODY = YES;
				CLANG_WARN_ENUM_CONVERSION = YES;
				CLANG_WARN_INFINITE_RECURSION = YES;
				CLANG_WARN_INT_CONVERSION = YES;
				CLANG_WARN_NON_LITERAL_NULL_CONVERSION = YES;
				CLANG_WARN_OBJC_IMPLICIT_RETAIN_SELF = YES;
				CLANG_WARN_OBJC_LITERAL_CONVERSION = YES;
				CLANG_WARN_OBJC_ROOT_CLASS = YES_ERROR;
				CLANG_WARN_QUOTED_INCLUDE_IN_FRAMEWORK_HEADER = YES;
				CLANG_WARN_RANGE_LOOP_ANALYSIS = YES;
				CLANG_WARN_STRICT_PROTOTYPES = YES;
				CLANG_WARN_SUSPICIOUS_MOVE = YES;
				CLANG_WARN_UNGUARDED_AVAILABILITY = YES_AGGRESSIVE;
				CLANG_WARN_UNREACHABLE_CODE = YES;
				CLANG_WARN__DUPLICATE_METHOD_MATCH = YES;
				COPY_PHASE_STRIP = NO;
				DEBUG_INFORMATION_FORMAT = "dwarf-with-dsym";
				ENABLE_NS_ASSERTIONS = NO;
				ENABLE_STRICT_OBJC_MSGSEND = YES;
				GCC_C_LANGUAGE_STANDARD = gnu11;
				GCC_NO_COMMON_BLOCKS = YES;
				GCC_WARN_64_TO_32_BIT_CONVERSION = YES;
				GCC_WARN_ABOUT_RETURN_TYPE = YES_ERROR;
				GCC_WARN_UNDECLARED_SELECTOR = YES;
				GCC_WARN_UNINITIALIZED_AUTOS = YES_AGGRESSIVE;
				GCC_WARN_UNUSED_FUNCTION = YES;
				GCC_WARN_UNUSED_VARIABLE = YES;
				IPHONEOS_DEPLOYMENT_TARGET = 15.0;
				MACOSX_DEPLOYMENT_TARGET = 12.0;
				MTL_ENABLE_DEBUG_INFO = NO;
				MTL_FAST_MATH = YES;
				SWIFT_COMPILATION_MODE = wholemodule;
				SWIFT_OPTIMIZATION_LEVEL = "-O";
			};
			name = Release;
		};
		473ECFA52733243600DED978 /* Debug */ = {
			isa = XCBuildConfiguration;
			buildSettings = {
				ASSETCATALOG_COMPILER_APPICON_NAME = AppIcon;
				ASSETCATALOG_COMPILER_GLOBAL_ACCENT_COLOR_NAME = AccentColor;
				CODE_SIGN_STYLE = Automatic;
				CURRENT_PROJECT_VERSION = 1;
				DEVELOPMENT_TEAM = MHMRS5FLW6;
				ENABLE_PREVIEWS = YES;
				GENERATE_INFOPLIST_FILE = YES;
				INFOPLIST_KEY_UIApplicationSceneManifest_Generation = YES;
				INFOPLIST_KEY_UIApplicationSupportsIndirectInputEvents = YES;
				INFOPLIST_KEY_UILaunchScreen_Generation = YES;
				INFOPLIST_KEY_UISupportedInterfaceOrientations_iPad = "UIInterfaceOrientationPortrait UIInterfaceOrientationPortraitUpsideDown UIInterfaceOrientationLandscapeLeft UIInterfaceOrientationLandscapeRight";
				INFOPLIST_KEY_UISupportedInterfaceOrientations_iPhone = "UIInterfaceOrientationPortrait UIInterfaceOrientationLandscapeLeft UIInterfaceOrientationLandscapeRight";
				IPHONEOS_DEPLOYMENT_TARGET = 15.0;
				LD_RUNPATH_SEARCH_PATHS = (
					"$(inherited)",
					"@executable_path/Frameworks",
				);
				MARKETING_VERSION = 1.0;
				PRODUCT_BUNDLE_IDENTIFIER = com.galaxoidlabs.CoinvisionTV;
				PRODUCT_NAME = "Coinvision TV";
				SDKROOT = iphoneos;
				SWIFT_EMIT_LOC_STRINGS = YES;
				SWIFT_VERSION = 5.0;
				TARGETED_DEVICE_FAMILY = "1,2";
			};
			name = Debug;
		};
		473ECFA62733243600DED978 /* Release */ = {
			isa = XCBuildConfiguration;
			buildSettings = {
				ASSETCATALOG_COMPILER_APPICON_NAME = AppIcon;
				ASSETCATALOG_COMPILER_GLOBAL_ACCENT_COLOR_NAME = AccentColor;
				CODE_SIGN_STYLE = Automatic;
				CURRENT_PROJECT_VERSION = 1;
				DEVELOPMENT_TEAM = MHMRS5FLW6;
				ENABLE_PREVIEWS = YES;
				GENERATE_INFOPLIST_FILE = YES;
				INFOPLIST_KEY_UIApplicationSceneManifest_Generation = YES;
				INFOPLIST_KEY_UIApplicationSupportsIndirectInputEvents = YES;
				INFOPLIST_KEY_UILaunchScreen_Generation = YES;
				INFOPLIST_KEY_UISupportedInterfaceOrientations_iPad = "UIInterfaceOrientationPortrait UIInterfaceOrientationPortraitUpsideDown UIInterfaceOrientationLandscapeLeft UIInterfaceOrientationLandscapeRight";
				INFOPLIST_KEY_UISupportedInterfaceOrientations_iPhone = "UIInterfaceOrientationPortrait UIInterfaceOrientationLandscapeLeft UIInterfaceOrientationLandscapeRight";
				IPHONEOS_DEPLOYMENT_TARGET = 15.0;
				LD_RUNPATH_SEARCH_PATHS = (
					"$(inherited)",
					"@executable_path/Frameworks",
				);
				MARKETING_VERSION = 1.0;
				PRODUCT_BUNDLE_IDENTIFIER = com.galaxoidlabs.CoinvisionTV;
				PRODUCT_NAME = "Coinvision TV";
				SDKROOT = iphoneos;
				SWIFT_EMIT_LOC_STRINGS = YES;
				SWIFT_VERSION = 5.0;
				TARGETED_DEVICE_FAMILY = "1,2";
				VALIDATE_PRODUCT = YES;
			};
			name = Release;
		};
		473ECFA82733243600DED978 /* Debug */ = {
			isa = XCBuildConfiguration;
			buildSettings = {
				ASSETCATALOG_COMPILER_APPICON_NAME = AppIcon;
				ASSETCATALOG_COMPILER_GLOBAL_ACCENT_COLOR_NAME = AccentColor;
				CODE_SIGN_ENTITLEMENTS = macOS/macOS.entitlements;
				CODE_SIGN_IDENTITY = "Apple Development";
				CODE_SIGN_STYLE = Automatic;
				COMBINE_HIDPI_IMAGES = YES;
				CURRENT_PROJECT_VERSION = 1;
				DEVELOPMENT_TEAM = MHMRS5FLW6;
				ENABLE_HARDENED_RUNTIME = YES;
				ENABLE_PREVIEWS = YES;
				GENERATE_INFOPLIST_FILE = YES;
				INFOPLIST_KEY_NSHumanReadableCopyright = "";
				LD_RUNPATH_SEARCH_PATHS = (
					"$(inherited)",
					"@executable_path/../Frameworks",
				);
				MACOSX_DEPLOYMENT_TARGET = 12.0;
				MARKETING_VERSION = 1.0;
				PRODUCT_BUNDLE_IDENTIFIER = com.galaxoidlabs.CoinvisionTV;
				PRODUCT_NAME = CoinvisionTV;
				SDKROOT = macosx;
				SWIFT_EMIT_LOC_STRINGS = YES;
				SWIFT_VERSION = 5.0;
			};
			name = Debug;
		};
		473ECFA92733243600DED978 /* Release */ = {
			isa = XCBuildConfiguration;
			buildSettings = {
				ASSETCATALOG_COMPILER_APPICON_NAME = AppIcon;
				ASSETCATALOG_COMPILER_GLOBAL_ACCENT_COLOR_NAME = AccentColor;
				CODE_SIGN_ENTITLEMENTS = macOS/macOS.entitlements;
				CODE_SIGN_IDENTITY = "Apple Development";
				CODE_SIGN_STYLE = Automatic;
				COMBINE_HIDPI_IMAGES = YES;
				CURRENT_PROJECT_VERSION = 1;
				DEVELOPMENT_TEAM = MHMRS5FLW6;
				ENABLE_HARDENED_RUNTIME = YES;
				ENABLE_PREVIEWS = YES;
				GENERATE_INFOPLIST_FILE = YES;
				INFOPLIST_KEY_NSHumanReadableCopyright = "";
				LD_RUNPATH_SEARCH_PATHS = (
					"$(inherited)",
					"@executable_path/../Frameworks",
				);
				MACOSX_DEPLOYMENT_TARGET = 12.0;
				MARKETING_VERSION = 1.0;
				PRODUCT_BUNDLE_IDENTIFIER = com.galaxoidlabs.CoinvisionTV;
				PRODUCT_NAME = CoinvisionTV;
				SDKROOT = macosx;
				SWIFT_EMIT_LOC_STRINGS = YES;
				SWIFT_VERSION = 5.0;
			};
			name = Release;
		};
		473ECFE9273326E800DED978 /* Debug */ = {
			isa = XCBuildConfiguration;
			buildSettings = {
				ASSETCATALOG_COMPILER_APPICON_NAME = "App Icon & Top Shelf Image";
				ASSETCATALOG_COMPILER_GLOBAL_ACCENT_COLOR_NAME = AccentColor;
				CODE_SIGN_STYLE = Automatic;
				CURRENT_PROJECT_VERSION = 1;
				DEVELOPMENT_ASSET_PATHS = "\"tvOS/Preview Content\"";
				DEVELOPMENT_TEAM = MHMRS5FLW6;
				ENABLE_PREVIEWS = YES;
				GENERATE_INFOPLIST_FILE = YES;
				INFOPLIST_FILE = "";
				INFOPLIST_KEY_UILaunchScreen_Generation = YES;
				INFOPLIST_KEY_UIUserInterfaceStyle = Automatic;
				LD_RUNPATH_SEARCH_PATHS = (
					"$(inherited)",
					"@executable_path/Frameworks",
				);
				MARKETING_VERSION = 1.0;
				PRODUCT_BUNDLE_IDENTIFIER = com.galaxoidlabs.CoinvisionTV;
				PRODUCT_NAME = "Coinvision TV";
				SDKROOT = appletvos;
				SWIFT_EMIT_LOC_STRINGS = YES;
				SWIFT_VERSION = 5.0;
				TARGETED_DEVICE_FAMILY = 3;
				TVOS_DEPLOYMENT_TARGET = 15.0;
			};
			name = Debug;
		};
		473ECFEA273326E800DED978 /* Release */ = {
			isa = XCBuildConfiguration;
			buildSettings = {
				ASSETCATALOG_COMPILER_APPICON_NAME = "App Icon & Top Shelf Image";
				ASSETCATALOG_COMPILER_GLOBAL_ACCENT_COLOR_NAME = AccentColor;
				CODE_SIGN_STYLE = Automatic;
				CURRENT_PROJECT_VERSION = 1;
				DEVELOPMENT_ASSET_PATHS = "\"tvOS/Preview Content\"";
				DEVELOPMENT_TEAM = MHMRS5FLW6;
				ENABLE_PREVIEWS = YES;
				GENERATE_INFOPLIST_FILE = YES;
				INFOPLIST_FILE = "";
				INFOPLIST_KEY_UILaunchScreen_Generation = YES;
				INFOPLIST_KEY_UIUserInterfaceStyle = Automatic;
				LD_RUNPATH_SEARCH_PATHS = (
					"$(inherited)",
					"@executable_path/Frameworks",
				);
				MARKETING_VERSION = 1.0;
				PRODUCT_BUNDLE_IDENTIFIER = com.galaxoidlabs.CoinvisionTV;
				PRODUCT_NAME = "Coinvision TV";
				SDKROOT = appletvos;
				SWIFT_EMIT_LOC_STRINGS = YES;
				SWIFT_VERSION = 5.0;
				TARGETED_DEVICE_FAMILY = 3;
				TVOS_DEPLOYMENT_TARGET = 15.0;
				VALIDATE_PRODUCT = YES;
			};
			name = Release;
		};
/* End XCBuildConfiguration section */

/* Begin XCConfigurationList section */
		473ECF8A2733243500DED978 /* Build configuration list for PBXProject "CoinvisionTV" */ = {
			isa = XCConfigurationList;
			buildConfigurations = (
				473ECFA22733243600DED978 /* Debug */,
				473ECFA32733243600DED978 /* Release */,
			);
			defaultConfigurationIsVisible = 0;
			defaultConfigurationName = Release;
		};
		473ECFA42733243600DED978 /* Build configuration list for PBXNativeTarget "CoinvisionTV (iOS)" */ = {
			isa = XCConfigurationList;
			buildConfigurations = (
				473ECFA52733243600DED978 /* Debug */,
				473ECFA62733243600DED978 /* Release */,
			);
			defaultConfigurationIsVisible = 0;
			defaultConfigurationName = Release;
		};
		473ECFA72733243600DED978 /* Build configuration list for PBXNativeTarget "CoinvisionTV (macOS)" */ = {
			isa = XCConfigurationList;
			buildConfigurations = (
				473ECFA82733243600DED978 /* Debug */,
				473ECFA92733243600DED978 /* Release */,
			);
			defaultConfigurationIsVisible = 0;
			defaultConfigurationName = Release;
		};
		473ECFE8273326E800DED978 /* Build configuration list for PBXNativeTarget "CoinvisionTV (tvOS)" */ = {
			isa = XCConfigurationList;
			buildConfigurations = (
				473ECFE9273326E800DED978 /* Debug */,
				473ECFEA273326E800DED978 /* Release */,
			);
			defaultConfigurationIsVisible = 0;
			defaultConfigurationName = Release;
		};
/* End XCConfigurationList section */

/* Begin XCRemoteSwiftPackageReference section */
		473ECFBC273324DB00DED978 /* XCRemoteSwiftPackageReference "CoinGecko" */ = {
			isa = XCRemoteSwiftPackageReference;
			repositoryURL = "https://github.com/Galaxoid-Labs/CoinGecko";
			requirement = {
				branch = main;
				kind = branch;
			};
		};
		473ECFC42733253F00DED978 /* XCRemoteSwiftPackageReference "swiftui-charts" */ = {
			isa = XCRemoteSwiftPackageReference;
			repositoryURL = "https://github.com/spacenation/swiftui-charts.git";
			requirement = {
				branch = master;
				kind = branch;
			};
		};
		473ECFCB2733259C00DED978 /* XCRemoteSwiftPackageReference "SDWebImageSwiftUI" */ = {
			isa = XCRemoteSwiftPackageReference;
			repositoryURL = "https://github.com/SDWebImage/SDWebImageSwiftUI.git";
			requirement = {
				branch = master;
				kind = branch;
			};
		};
		473ECFD2273325BA00DED978 /* XCRemoteSwiftPackageReference "EasyStash" */ = {
			isa = XCRemoteSwiftPackageReference;
			repositoryURL = "https://github.com/onmyway133/EasyStash.git";
			requirement = {
				branch = master;
				kind = branch;
			};
		};
		473ED01927332B1000DED978 /* XCRemoteSwiftPackageReference "SwiftSoup" */ = {
			isa = XCRemoteSwiftPackageReference;
			repositoryURL = "https://github.com/scinfu/SwiftSoup.git";
			requirement = {
				branch = master;
				kind = branch;
			};
		};
/* End XCRemoteSwiftPackageReference section */

/* Begin XCSwiftPackageProductDependency section */
		473ECFBD273324DB00DED978 /* CoinGecko */ = {
			isa = XCSwiftPackageProductDependency;
			package = 473ECFBC273324DB00DED978 /* XCRemoteSwiftPackageReference "CoinGecko" */;
			productName = CoinGecko;
		};
		473ECFC0273324FA00DED978 /* CoinGecko */ = {
			isa = XCSwiftPackageProductDependency;
			package = 473ECFBC273324DB00DED978 /* XCRemoteSwiftPackageReference "CoinGecko" */;
			productName = CoinGecko;
		};
		473ECFC52733253F00DED978 /* Charts */ = {
			isa = XCSwiftPackageProductDependency;
			package = 473ECFC42733253F00DED978 /* XCRemoteSwiftPackageReference "swiftui-charts" */;
			productName = Charts;
		};
		473ECFC72733254A00DED978 /* Charts */ = {
			isa = XCSwiftPackageProductDependency;
			package = 473ECFC42733253F00DED978 /* XCRemoteSwiftPackageReference "swiftui-charts" */;
			productName = Charts;
		};
		473ECFCC2733259C00DED978 /* SDWebImageSwiftUI */ = {
			isa = XCSwiftPackageProductDependency;
			package = 473ECFCB2733259C00DED978 /* XCRemoteSwiftPackageReference "SDWebImageSwiftUI" */;
			productName = SDWebImageSwiftUI;
		};
		473ECFCE273325A400DED978 /* SDWebImageSwiftUI */ = {
			isa = XCSwiftPackageProductDependency;
			package = 473ECFCB2733259C00DED978 /* XCRemoteSwiftPackageReference "SDWebImageSwiftUI" */;
			productName = SDWebImageSwiftUI;
		};
		473ECFD3273325BA00DED978 /* EasyStash */ = {
			isa = XCSwiftPackageProductDependency;
			package = 473ECFD2273325BA00DED978 /* XCRemoteSwiftPackageReference "EasyStash" */;
			productName = EasyStash;
		};
		473ECFD5273325C000DED978 /* EasyStash */ = {
			isa = XCSwiftPackageProductDependency;
			package = 473ECFD2273325BA00DED978 /* XCRemoteSwiftPackageReference "EasyStash" */;
			productName = EasyStash;
		};
		473ECFED2733286700DED978 /* CoinGecko */ = {
			isa = XCSwiftPackageProductDependency;
			package = 473ECFBC273324DB00DED978 /* XCRemoteSwiftPackageReference "CoinGecko" */;
			productName = CoinGecko;
		};
		473ECFEF2733286700DED978 /* Charts */ = {
			isa = XCSwiftPackageProductDependency;
			package = 473ECFC42733253F00DED978 /* XCRemoteSwiftPackageReference "swiftui-charts" */;
			productName = Charts;
		};
		473ECFF12733286700DED978 /* SDWebImageSwiftUI */ = {
			isa = XCSwiftPackageProductDependency;
			package = 473ECFCB2733259C00DED978 /* XCRemoteSwiftPackageReference "SDWebImageSwiftUI" */;
			productName = SDWebImageSwiftUI;
		};
		473ECFF32733286700DED978 /* EasyStash */ = {
			isa = XCSwiftPackageProductDependency;
			package = 473ECFD2273325BA00DED978 /* XCRemoteSwiftPackageReference "EasyStash" */;
			productName = EasyStash;
		};
		473ED01A27332B1000DED978 /* SwiftSoup */ = {
			isa = XCSwiftPackageProductDependency;
			package = 473ED01927332B1000DED978 /* XCRemoteSwiftPackageReference "SwiftSoup" */;
			productName = SwiftSoup;
		};
		473ED01C27332B1700DED978 /* SwiftSoup */ = {
			isa = XCSwiftPackageProductDependency;
			package = 473ED01927332B1000DED978 /* XCRemoteSwiftPackageReference "SwiftSoup" */;
			productName = SwiftSoup;
		};
		473ED01E27332B1C00DED978 /* SwiftSoup */ = {
			isa = XCSwiftPackageProductDependency;
			package = 473ED01927332B1000DED978 /* XCRemoteSwiftPackageReference "SwiftSoup" */;
			productName = SwiftSoup;
		};
/* End XCSwiftPackageProductDependency section */
	};
	rootObject = 473ECF872733243500DED978 /* Project object */;
}
